
Microsoft Visual Studio Solution File, Format Version 12.00
# Visual Studio Version 17
VisualStudioVersion = 17.6.33815.320
MinimumVisualStudioVersion = 10.0.40219.1
Project("{FAE04EC0-301F-11D3-BF4B-00C04F79EFBC}") = "CodePulse.API", "CodePulse.API\CodePulse.API.csproj", "{AA1A1DCA-D46F-40DC-9774-175459700F47}"
EndProject
Global
	GlobalSection(SolutionConfigurationPlatforms) = preSolution
		Debug|Any CPU = Debug|Any CPU
		Release|Any CPU = Release|Any CPU
	EndGlobalSection
	GlobalSection(ProjectConfigurationPlatforms) = postSolution
		{AA1A1DCA-D46F-40DC-9774-175459700F47}.Debug|Any CPU.ActiveCfg = Debug|Any CPU
		{AA1A1DCA-D46F-40DC-9774-175459700F47}.Debug|Any CPU.Build.0 = Debug|Any CPU
		{AA1A1DCA-D46F-40DC-9774-175459700F47}.Release|Any CPU.ActiveCfg = Release|Any CPU
		{AA1A1DCA-D46F-40DC-9774-175459700F47}.Release|Any CPU.Build.0 = Release|Any CPU
	EndGlobalSection
	GlobalSection(SolutionProperties) = preSolution
		HideSolutionNode = FALSE
	EndGlobalSection
	GlobalSection(ExtensibilityGlobals) = postSolution
		SolutionGuid = {8014CD85-5914-429A-AF53-3A2359C4E61B}
	EndGlobalSection
EndGlobal
